
Microsoft Visual Studio Solution File, Format Version 12.00
# Visual Studio Version 17
VisualStudioVersion = 17.0.32112.339
MinimumVisualStudioVersion = 10.0.40219.1
Project("{FAE04EC0-301F-11D3-BF4B-00C04F79EFBC}") = "String Fonksiyonları Örnek", "String Fonksiyonları Örnek\String Fonksiyonları Örnek.csproj", "{E548E306-B5EC-42E9-A74F-6112A7E2BF9B}"
EndProject
Project("{FAE04EC0-301F-11D3-BF4B-00C04F79EFBC}") = "String Fonksiyonları Örnek 2", "String Fonksiyonları Örnek 2\String Fonksiyonları Örnek 2.csproj", "{6069A817-6D64-4E92-AEBA-664557EF4D8C}"
EndProject
Project("{FAE04EC0-301F-11D3-BF4B-00C04F79EFBC}") = "String Fonksiyonları Örnek 3", "String Fonksiyonları Örnek 3\String Fonksiyonları Örnek 3.csproj", "{B64D1C76-6249-494C-9A68-7B56E1CD81F1}"
EndProject
Global
	GlobalSection(SolutionConfigurationPlatforms) = preSolution
		Debug|Any CPU = Debug|Any CPU
		Release|Any CPU = Release|Any CPU
	EndGlobalSection
	GlobalSection(ProjectConfigurationPlatforms) = postSolution
		{E548E306-B5EC-42E9-A74F-6112A7E2BF9B}.Debug|Any CPU.ActiveCfg = Debug|Any CPU
		{E548E306-B5EC-42E9-A74F-6112A7E2BF9B}.Debug|Any CPU.Build.0 = Debug|Any CPU
		{E548E306-B5EC-42E9-A74F-6112A7E2BF9B}.Release|Any CPU.ActiveCfg = Release|Any CPU
		{E548E306-B5EC-42E9-A74F-6112A7E2BF9B}.Release|Any CPU.Build.0 = Release|Any CPU
		{6069A817-6D64-4E92-AEBA-664557EF4D8C}.Debug|Any CPU.ActiveCfg = Debug|Any CPU
		{6069A817-6D64-4E92-AEBA-664557EF4D8C}.Debug|Any CPU.Build.0 = Debug|Any CPU
		{6069A817-6D64-4E92-AEBA-664557EF4D8C}.Release|Any CPU.ActiveCfg = Release|Any CPU
		{6069A817-6D64-4E92-AEBA-664557EF4D8C}.Release|Any CPU.Build.0 = Release|Any CPU
		{B64D1C76-6249-494C-9A68-7B56E1CD81F1}.Debug|Any CPU.ActiveCfg = Debug|Any CPU
		{B64D1C76-6249-494C-9A68-7B56E1CD81F1}.Debug|Any CPU.Build.0 = Debug|Any CPU
		{B64D1C76-6249-494C-9A68-7B56E1CD81F1}.Release|Any CPU.ActiveCfg = Release|Any CPU
		{B64D1C76-6249-494C-9A68-7B56E1CD81F1}.Release|Any CPU.Build.0 = Release|Any CPU
	EndGlobalSection
	GlobalSection(SolutionProperties) = preSolution
		HideSolutionNode = FALSE
	EndGlobalSection
	GlobalSection(ExtensibilityGlobals) = postSolution
		SolutionGuid = {0CAC9BCC-2012-429C-8BDF-4713ACFC1B6B}
	EndGlobalSection
EndGlobal
